{
  "name": "backstop",
  "lockfileVersion": 3,
  "requires": true,
  "packages": {
    "": {
      "dependencies": {
        "backstop": "^1.0.1"
      }
    },
    "node_modules/backstop": {
      "version": "1.0.1",
      "resolved": "https://registry.npmjs.org/backstop/-/backstop-1.0.1.tgz",
      "integrity": "sha512-1vLEMys4xy7ffDuTZQnjk7+30fwxQ5Nw5P7KDqm0TtsqsTM38aITYAJ083AEX/uojgtB/iBaq2B6ZygLjNAjUw==",
      "license": "MIT"
    }
  }
}
